
Microsoft Visual Studio Solution File, Format Version 11.00
# Visual Studio 2010
Project("{E24C65DC-7377-472B-9ABA-BC803B73C61A}") = "ASP.NET-001", "ASP.NET-001\", "{115E709D-3641-44D8-BE05-C9D579003CD3}"
	ProjectSection(WebsiteProperties) = preProject
		TargetFrameworkMoniker = ".NETFramework,Version%3Dv4.0"
		Debug.AspNetCompiler.VirtualPath = "/ASP.NET-001"
		Debug.AspNetCompiler.PhysicalPath = "ASP.NET-001\"
		Debug.AspNetCompiler.TargetPath = "PrecompiledWeb\ASP.NET-001\"
		Debug.AspNetCompiler.Updateable = "true"
		Debug.AspNetCompiler.ForceOverwrite = "true"
		Debug.AspNetCompiler.FixedNames = "false"
		Debug.AspNetCompiler.Debug = "True"
		Release.AspNetCompiler.VirtualPath = "/ASP.NET-001"
		Release.AspNetCompiler.PhysicalPath = "ASP.NET-001\"
		Release.AspNetCompiler.TargetPath = "PrecompiledWeb\ASP.NET-001\"
		Release.AspNetCompiler.Updateable = "true"
		Release.AspNetCompiler.ForceOverwrite = "true"
		Release.AspNetCompiler.FixedNames = "false"
		Release.AspNetCompiler.Debug = "False"
		VWDPort = "39776"
	EndProjectSection
EndProject
Global
	GlobalSection(SolutionConfigurationPlatforms) = preSolution
		Debug|Any CPU = Debug|Any CPU
		Release|Any CPU = Release|Any CPU
	EndGlobalSection
	GlobalSection(ProjectConfigurationPlatforms) = postSolution
		{115E709D-3641-44D8-BE05-C9D579003CD3}.Debug|Any CPU.ActiveCfg = Debug|Any CPU
		{115E709D-3641-44D8-BE05-C9D579003CD3}.Debug|Any CPU.Build.0 = Debug|Any CPU
		{115E709D-3641-44D8-BE05-C9D579003CD3}.Release|Any CPU.ActiveCfg = Debug|Any CPU
		{115E709D-3641-44D8-BE05-C9D579003CD3}.Release|Any CPU.Build.0 = Debug|Any CPU
	EndGlobalSection
	GlobalSection(SolutionProperties) = preSolution
		HideSolutionNode = FALSE
	EndGlobalSection
EndGlobal
