
Microsoft Visual Studio Solution File, Format Version 11.00
# Visual Studio 2010
Project("{E24C65DC-7377-472B-9ABA-BC803B73C61A}") = "ASP.NET", "ASP.NET\", "{E6A390BB-0CF0-4DB4-A7C0-6F7DAE941D69}"
	ProjectSection(WebsiteProperties) = preProject
		TargetFrameworkMoniker = ".NETFramework,Version%3Dv4.0"
		Debug.AspNetCompiler.VirtualPath = "/ASP.NET"
		Debug.AspNetCompiler.PhysicalPath = "ASP.NET\"
		Debug.AspNetCompiler.TargetPath = "PrecompiledWeb\ASP.NET\"
		Debug.AspNetCompiler.Updateable = "true"
		Debug.AspNetCompiler.ForceOverwrite = "true"
		Debug.AspNetCompiler.FixedNames = "false"
		Debug.AspNetCompiler.Debug = "True"
		Release.AspNetCompiler.VirtualPath = "/ASP.NET"
		Release.AspNetCompiler.PhysicalPath = "ASP.NET\"
		Release.AspNetCompiler.TargetPath = "PrecompiledWeb\ASP.NET\"
		Release.AspNetCompiler.Updateable = "true"
		Release.AspNetCompiler.ForceOverwrite = "true"
		Release.AspNetCompiler.FixedNames = "false"
		Release.AspNetCompiler.Debug = "False"
		VWDPort = "17364"
		DefaultWebSiteLanguage = "Visual C#"
	EndProjectSection
EndProject
Global
	GlobalSection(SolutionConfigurationPlatforms) = preSolution
		Debug|Any CPU = Debug|Any CPU
	EndGlobalSection
	GlobalSection(ProjectConfigurationPlatforms) = postSolution
		{E6A390BB-0CF0-4DB4-A7C0-6F7DAE941D69}.Debug|Any CPU.ActiveCfg = Debug|Any CPU
		{E6A390BB-0CF0-4DB4-A7C0-6F7DAE941D69}.Debug|Any CPU.Build.0 = Debug|Any CPU
	EndGlobalSection
	GlobalSection(SolutionProperties) = preSolution
		HideSolutionNode = FALSE
	EndGlobalSection
EndGlobal
